// !$*UTF8*$!
{
	archiveVersion = 1;
	classes = {
	};
	objectVersion = 56;
	objects = {

/* Begin PBXBuildFile section */
		C04E8A6A2CF6483E0074E407 /* DejavuDemoApp.swift in Sources */ = {isa = PBXBuildFile; fileRef = C04E8A692CF6483E0074E407 /* DejavuDemoApp.swift */; };
		C04E8A6C2CF6483E0074E407 /* ContentView.swift in Sources */ = {isa = PBXBuildFile; fileRef = C04E8A6B2CF6483E0074E407 /* ContentView.swift */; };
		C04E8A6E2CF6483F0074E407 /* Assets.xcassets in Resources */ = {isa = PBXBuildFile; fileRef = C04E8A6D2CF6483F0074E407 /* Assets.xcassets */; };
		C04E8A712CF6483F0074E407 /* Preview Assets.xcassets in Resources */ = {isa = PBXBuildFile; fileRef = C04E8A702CF6483F0074E407 /* Preview Assets.xcassets */; };
		C04E8A7B2CF6483F0074E407 /* DejavuDemoTests.swift in Sources */ = {isa = PBXBuildFile; fileRef = C04E8A7A2CF6483F0074E407 /* DejavuDemoTests.swift */; };
		C04E8A852CF6483F0074E407 /* DejavuDemoUITests.swift in Sources */ = {isa = PBXBuildFile; fileRef = C04E8A842CF6483F0074E407 /* DejavuDemoUITests.swift */; };
		C04E8A872CF6483F0074E407 /* DejavuDemoUITestsLaunchTests.swift in Sources */ = {isa = PBXBuildFile; fileRef = C04E8A862CF6483F0074E407 /* DejavuDemoUITestsLaunchTests.swift */; };
		C04E8A952CF648760074E407 /* Dejavu in Frameworks */ = {isa = PBXBuildFile; productRef = C04E8A942CF648760074E407 /* Dejavu */; };
		C04E8A982CF649BC0074E407 /* NetworkManager.swift in Sources */ = {isa = PBXBuildFile; fileRef = C04E8A972CF649BC0074E407 /* NetworkManager.swift */; };
		C04E8A992CF649BC0074E407 /* NetworkManager.swift in Sources */ = {isa = PBXBuildFile; fileRef = C04E8A972CF649BC0074E407 /* NetworkManager.swift */; };
/* End PBXBuildFile section */

/* Begin PBXContainerItemProxy section */
		C04E8A772CF6483F0074E407 /* PBXContainerItemProxy */ = {
			isa = PBXContainerItemProxy;
			containerPortal = C04E8A5E2CF6483E0074E407 /* Project object */;
			proxyType = 1;
			remoteGlobalIDString = C04E8A652CF6483E0074E407;
			remoteInfo = DejavuDemo;
		};
		C04E8A812CF6483F0074E407 /* PBXContainerItemProxy */ = {
			isa = PBXContainerItemProxy;
			containerPortal = C04E8A5E2CF6483E0074E407 /* Project object */;
			proxyType = 1;
			remoteGlobalIDString = C04E8A652CF6483E0074E407;
			remoteInfo = DejavuDemo;
		};
/* End PBXContainerItemProxy section */

/* Begin PBXFileReference section */
		C04E8A662CF6483E0074E407 /* DejavuDemo.app */ = {isa = PBXFileReference; explicitFileType = wrapper.application; includeInIndex = 0; path = DejavuDemo.app; sourceTree = BUILT_PRODUCTS_DIR; };
		C04E8A692CF6483E0074E407 /* DejavuDemoApp.swift */ = {isa = PBXFileReference; lastKnownFileType = sourcecode.swift; path = DejavuDemoApp.swift; sourceTree = "<group>"; };
		C04E8A6B2CF6483E0074E407 /* ContentView.swift */ = {isa = PBXFileReference; lastKnownFileType = sourcecode.swift; path = ContentView.swift; sourceTree = "<group>"; };
		C04E8A6D2CF6483F0074E407 /* Assets.xcassets */ = {isa = PBXFileReference; lastKnownFileType = folder.assetcatalog; path = Assets.xcassets; sourceTree = "<group>"; };
		C04E8A702CF6483F0074E407 /* Preview Assets.xcassets */ = {isa = PBXFileReference; lastKnownFileType = folder.assetcatalog; path = "Preview Assets.xcassets"; sourceTree = "<group>"; };
		C04E8A762CF6483F0074E407 /* DejavuDemoTests.xctest */ = {isa = PBXFileReference; explicitFileType = wrapper.cfbundle; includeInIndex = 0; path = DejavuDemoTests.xctest; sourceTree = BUILT_PRODUCTS_DIR; };
		C04E8A7A2CF6483F0074E407 /* DejavuDemoTests.swift */ = {isa = PBXFileReference; lastKnownFileType = sourcecode.swift; path = DejavuDemoTests.swift; sourceTree = "<group>"; };
		C04E8A802CF6483F0074E407 /* DejavuDemoUITests.xctest */ = {isa = PBXFileReference; explicitFileType = wrapper.cfbundle; includeInIndex = 0; path = DejavuDemoUITests.xctest; sourceTree = BUILT_PRODUCTS_DIR; };
		C04E8A842CF6483F0074E407 /* DejavuDemoUITests.swift */ = {isa = PBXFileReference; lastKnownFileType = sourcecode.swift; path = DejavuDemoUITests.swift; sourceTree = "<group>"; };
		C04E8A862CF6483F0074E407 /* DejavuDemoUITestsLaunchTests.swift */ = {isa = PBXFileReference; lastKnownFileType = sourcecode.swift; path = DejavuDemoUITestsLaunchTests.swift; sourceTree = "<group>"; };
		C04E8A962CF6497A0074E407 /* Info.plist */ = {isa = PBXFileReference; lastKnownFileType = text.plist; path = Info.plist; sourceTree = "<group>"; };
		C04E8A972CF649BC0074E407 /* NetworkManager.swift */ = {isa = PBXFileReference; lastKnownFileType = sourcecode.swift; path = NetworkManager.swift; sourceTree = "<group>"; };
/* End PBXFileReference section */

/* Begin PBXFrameworksBuildPhase section */
		C04E8A632CF6483E0074E407 /* Frameworks */ = {
			isa = PBXFrameworksBuildPhase;
			buildActionMask = 2147483647;
			files = (
				C04E8A952CF648760074E407 /* Dejavu in Frameworks */,
			);
			runOnlyForDeploymentPostprocessing = 0;
		};
		C04E8A732CF6483F0074E407 /* Frameworks */ = {
			isa = PBXFrameworksBuildPhase;
			buildActionMask = 2147483647;
			files = (
			);
			runOnlyForDeploymentPostprocessing = 0;
		};
		C04E8A7D2CF6483F0074E407 /* Frameworks */ = {
			isa = PBXFrameworksBuildPhase;
			buildActionMask = 2147483647;
			files = (
			);
			runOnlyForDeploymentPostprocessing = 0;
		};
/* End PBXFrameworksBuildPhase section */

/* Begin PBXGroup section */
		C04E8A5D2CF6483E0074E407 = {
			isa = PBXGroup;
			children = (
				C04E8A682CF6483E0074E407 /* DejavuDemo */,
				C04E8A792CF6483F0074E407 /* DejavuDemoTests */,
				C04E8A832CF6483F0074E407 /* DejavuDemoUITests */,
				C04E8A672CF6483E0074E407 /* Products */,
			);
			sourceTree = "<group>";
		};
		C04E8A672CF6483E0074E407 /* Products */ = {
			isa = PBXGroup;
			children = (
				C04E8A662CF6483E0074E407 /* DejavuDemo.app */,
				C04E8A762CF6483F0074E407 /* DejavuDemoTests.xctest */,
				C04E8A802CF6483F0074E407 /* DejavuDemoUITests.xctest */,
			);
			name = Products;
			sourceTree = "<group>";
		};
		C04E8A682CF6483E0074E407 /* DejavuDemo */ = {
			isa = PBXGroup;
			children = (
				C04E8A962CF6497A0074E407 /* Info.plist */,
				C04E8A692CF6483E0074E407 /* DejavuDemoApp.swift */,
				C04E8A6B2CF6483E0074E407 /* ContentView.swift */,
				C04E8A6D2CF6483F0074E407 /* Assets.xcassets */,
				C04E8A6F2CF6483F0074E407 /* Preview Content */,
				C04E8A972CF649BC0074E407 /* NetworkManager.swift */,
			);
			path = DejavuDemo;
			sourceTree = "<group>";
		};
		C04E8A6F2CF6483F0074E407 /* Preview Content */ = {
			isa = PBXGroup;
			children = (
				C04E8A702CF6483F0074E407 /* Preview Assets.xcassets */,
			);
			path = "Preview Content";
			sourceTree = "<group>";
		};
		C04E8A792CF6483F0074E407 /* DejavuDemoTests */ = {
			isa = PBXGroup;
			children = (
				C04E8A7A2CF6483F0074E407 /* DejavuDemoTests.swift */,
			);
			path = DejavuDemoTests;
			sourceTree = "<group>";
		};
		C04E8A832CF6483F0074E407 /* DejavuDemoUITests */ = {
			isa = PBXGroup;
			children = (
				C04E8A842CF6483F0074E407 /* DejavuDemoUITests.swift */,
				C04E8A862CF6483F0074E407 /* DejavuDemoUITestsLaunchTests.swift */,
			);
			path = DejavuDemoUITests;
			sourceTree = "<group>";
		};
/* End PBXGroup section */

/* Begin PBXNativeTarget section */
		C04E8A652CF6483E0074E407 /* DejavuDemo */ = {
			isa = PBXNativeTarget;
			buildConfigurationList = C04E8A8A2CF6483F0074E407 /* Build configuration list for PBXNativeTarget "DejavuDemo" */;
			buildPhases = (
				C04E8A622CF6483E0074E407 /* Sources */,
				C04E8A632CF6483E0074E407 /* Frameworks */,
				C04E8A642CF6483E0074E407 /* Resources */,
			);
			buildRules = (
			);
			dependencies = (
			);
			name = DejavuDemo;
			packageProductDependencies = (
				C04E8A942CF648760074E407 /* Dejavu */,
			);
			productName = DejavuDemo;
			productReference = C04E8A662CF6483E0074E407 /* DejavuDemo.app */;
			productType = "com.apple.product-type.application";
		};
		C04E8A752CF6483F0074E407 /* DejavuDemoTests */ = {
			isa = PBXNativeTarget;
			buildConfigurationList = C04E8A8D2CF6483F0074E407 /* Build configuration list for PBXNativeTarget "DejavuDemoTests" */;
			buildPhases = (
				C04E8A722CF6483F0074E407 /* Sources */,
				C04E8A732CF6483F0074E407 /* Frameworks */,
				C04E8A742CF6483F0074E407 /* Resources */,
			);
			buildRules = (
			);
			dependencies = (
				C04E8A782CF6483F0074E407 /* PBXTargetDependency */,
			);
			name = DejavuDemoTests;
			productName = DejavuDemoTests;
			productReference = C04E8A762CF6483F0074E407 /* DejavuDemoTests.xctest */;
			productType = "com.apple.product-type.bundle.unit-test";
		};
		C04E8A7F2CF6483F0074E407 /* DejavuDemoUITests */ = {
			isa = PBXNativeTarget;
			buildConfigurationList = C04E8A902CF6483F0074E407 /* Build configuration list for PBXNativeTarget "DejavuDemoUITests" */;
			buildPhases = (
				C04E8A7C2CF6483F0074E407 /* Sources */,
				C04E8A7D2CF6483F0074E407 /* Frameworks */,
				C04E8A7E2CF6483F0074E407 /* Resources */,
			);
			buildRules = (
			);
			dependencies = (
				C04E8A822CF6483F0074E407 /* PBXTargetDependency */,
			);
			name = DejavuDemoUITests;
			productName = DejavuDemoUITests;
			productReference = C04E8A802CF6483F0074E407 /* DejavuDemoUITests.xctest */;
			productType = "com.apple.product-type.bundle.ui-testing";
		};
/* End PBXNativeTarget section */

/* Begin PBXProject section */
		C04E8A5E2CF6483E0074E407 /* Project object */ = {
			isa = PBXProject;
			attributes = {
				BuildIndependentTargetsInParallel = 1;
				LastSwiftUpdateCheck = 1520;
				LastUpgradeCheck = 1520;
				TargetAttributes = {
					C04E8A652CF6483E0074E407 = {
						CreatedOnToolsVersion = 15.2;
					};
					C04E8A752CF6483F0074E407 = {
						CreatedOnToolsVersion = 15.2;
						TestTargetID = C04E8A652CF6483E0074E407;
					};
					C04E8A7F2CF6483F0074E407 = {
						CreatedOnToolsVersion = 15.2;
						TestTargetID = C04E8A652CF6483E0074E407;
					};
				};
			};
			buildConfigurationList = C04E8A612CF6483E0074E407 /* Build configuration list for PBXProject "DejavuDemo" */;
			compatibilityVersion = "Xcode 14.0";
			developmentRegion = en;
			hasScannedForEncodings = 0;
			knownRegions = (
				en,
				Base,
			);
			mainGroup = C04E8A5D2CF6483E0074E407;
			packageReferences = (
				C04E8A932CF648760074E407 /* XCRemoteSwiftPackageReference "dejavu" */,
			);
			productRefGroup = C04E8A672CF6483E0074E407 /* Products */;
			projectDirPath = "";
			projectRoot = "";
			targets = (
				C04E8A652CF6483E0074E407 /* DejavuDemo */,
				C04E8A752CF6483F0074E407 /* DejavuDemoTests */,
				C04E8A7F2CF6483F0074E407 /* DejavuDemoUITests */,
			);
		};
/* End PBXProject section */

/* Begin PBXResourcesBuildPhase section */
		C04E8A642CF6483E0074E407 /* Resources */ = {
			isa = PBXResourcesBuildPhase;
			buildActionMask = 2147483647;
			files = (
				C04E8A712CF6483F0074E407 /* Preview Assets.xcassets in Resources */,
				C04E8A6E2CF6483F0074E407 /* Assets.xcassets in Resources */,
			);
			runOnlyForDeploymentPostprocessing = 0;
		};
		C04E8A742CF6483F0074E407 /* Resources */ = {
			isa = PBXResourcesBuildPhase;
			buildActionMask = 2147483647;
			files = (
			);
			runOnlyForDeploymentPostprocessing = 0;
		};
		C04E8A7E2CF6483F0074E407 /* Resources */ = {
			isa = PBXResourcesBuildPhase;
			buildActionMask = 2147483647;
			files = (
			);
			runOnlyForDeploymentPostprocessing = 0;
		};
/* End PBXResourcesBuildPhase section */

/* Begin PBXSourcesBuildPhase section */
		C04E8A622CF6483E0074E407 /* Sources */ = {
			isa = PBXSourcesBuildPhase;
			buildActionMask = 2147483647;
			files = (
				C04E8A982CF649BC0074E407 /* NetworkManager.swift in Sources */,
				C04E8A6C2CF6483E0074E407 /* ContentView.swift in Sources */,
				C04E8A6A2CF6483E0074E407 /* DejavuDemoApp.swift in Sources */,
			);
			runOnlyForDeploymentPostprocessing = 0;
		};
		C04E8A722CF6483F0074E407 /* Sources */ = {
			isa = PBXSourcesBuildPhase;
			buildActionMask = 2147483647;
			files = (
				C04E8A992CF649BC0074E407 /* NetworkManager.swift in Sources */,
				C04E8A7B2CF6483F0074E407 /* DejavuDemoTests.swift in Sources */,
			);
			runOnlyForDeploymentPostprocessing = 0;
		};
		C04E8A7C2CF6483F0074E407 /* Sources */ = {
			isa = PBXSourcesBuildPhase;
			buildActionMask = 2147483647;
			files = (
				C04E8A872CF6483F0074E407 /* DejavuDemoUITestsLaunchTests.swift in Sources */,
				C04E8A852CF6483F0074E407 /* DejavuDemoUITests.swift in Sources */,
			);
			runOnlyForDeploymentPostprocessing = 0;
		};
/* End PBXSourcesBuildPhase section */

/* Begin PBXTargetDependency section */
		C04E8A782CF6483F0074E407 /* PBXTargetDependency */ = {
			isa = PBXTargetDependency;
			target = C04E8A652CF6483E0074E407 /* DejavuDemo */;
			targetProxy = C04E8A772CF6483F0074E407 /* PBXContainerItemProxy */;
		};
		C04E8A822CF6483F0074E407 /* PBXTargetDependency */ = {
			isa = PBXTargetDependency;
			target = C04E8A652CF6483E0074E407 /* DejavuDemo */;
			targetProxy = C04E8A812CF6483F0074E407 /* PBXContainerItemProxy */;
		};
/* End PBXTargetDependency section */

/* Begin XCBuildConfiguration section */
		C04E8A882CF6483F0074E407 /* Debug */ = {
			isa = XCBuildConfiguration;
			buildSettings = {
				ALWAYS_SEARCH_USER_PATHS = NO;
				ASSETCATALOG_COMPILER_GENERATE_SWIFT_ASSET_SYMBOL_EXTENSIONS = YES;
				CLANG_ANALYZER_NONNULL = YES;
				CLANG_ANALYZER_NUMBER_OBJECT_CONVERSION = YES_AGGRESSIVE;
				CLANG_CXX_LANGUAGE_STANDARD = "gnu++20";
				CLANG_ENABLE_MODULES = YES;
				CLANG_ENABLE_OBJC_ARC = YES;
				CLANG_ENABLE_OBJC_WEAK = YES;
				CLANG_WARN_BLOCK_CAPTURE_AUTORELEASING = YES;
				CLANG_WARN_BOOL_CONVERSION = YES;
				CLANG_WARN_COMMA = YES;
				CLANG_WARN_CONSTANT_CONVERSION = YES;
				CLANG_WARN_DEPRECATED_OBJC_IMPLEMENTATIONS = YES;
				CLANG_WARN_DIRECT_OBJC_ISA_USAGE = YES_ERROR;
				CLANG_WARN_DOCUMENTATION_COMMENTS = YES;
				CLANG_WARN_EMPTY_BODY = YES;
				CLANG_WARN_ENUM_CONVERSION = YES;
				CLANG_WARN_INFINITE_RECURSION = YES;
				CLANG_WARN_INT_CONVERSION = YES;
				CLANG_WARN_NON_LITERAL_NULL_CONVERSION = YES;
				CLANG_WARN_OBJC_IMPLICIT_RETAIN_SELF = YES;
				CLANG_WARN_OBJC_LITERAL_CONVERSION = YES;
				CLANG_WARN_OBJC_ROOT_CLASS = YES_ERROR;
				CLANG_WARN_QUOTED_INCLUDE_IN_FRAMEWORK_HEADER = YES;
				CLANG_WARN_RANGE_LOOP_ANALYSIS = YES;
				CLANG_WARN_STRICT_PROTOTYPES = YES;
				CLANG_WARN_SUSPICIOUS_MOVE = YES;
				CLANG_WARN_UNGUARDED_AVAILABILITY = YES_AGGRESSIVE;
				CLANG_WARN_UNREACHABLE_CODE = YES;
				CLANG_WARN__DUPLICATE_METHOD_MATCH = YES;
				COPY_PHASE_STRIP = NO;
				DEBUG_INFORMATION_FORMAT = dwarf;
				ENABLE_STRICT_OBJC_MSGSEND = YES;
				ENABLE_TESTABILITY = YES;
				ENABLE_USER_SCRIPT_SANDBOXING = YES;
				GCC_C_LANGUAGE_STANDARD = gnu17;
				GCC_DYNAMIC_NO_PIC = NO;
				GCC_NO_COMMON_BLOCKS = YES;
				GCC_OPTIMIZATION_LEVEL = 0;
				GCC_PREPROCESSOR_DEFINITIONS = (
					"DEBUG=1",
					"$(inherited)",
				);
				GCC_WARN_64_TO_32_BIT_CONVERSION = YES;
				GCC_WARN_ABOUT_RETURN_TYPE = YES_ERROR;
				GCC_WARN_UNDECLARED_SELECTOR = YES;
				GCC_WARN_UNINITIALIZED_AUTOS = YES_AGGRESSIVE;
				GCC_WARN_UNUSED_FUNCTION = YES;
				GCC_WARN_UNUSED_VARIABLE = YES;
				IPHONEOS_DEPLOYMENT_TARGET = 17.2;
				LOCALIZATION_PREFERS_STRING_CATALOGS = YES;
				MTL_ENABLE_DEBUG_INFO = INCLUDE_SOURCE;
				MTL_FAST_MATH = YES;
				ONLY_ACTIVE_ARCH = YES;
				SDKROOT = iphoneos;
				SWIFT_ACTIVE_COMPILATION_CONDITIONS = "DEBUG $(inherited)";
				SWIFT_OPTIMIZATION_LEVEL = "-Onone";
			};
			name = Debug;
		};
		C04E8A892CF6483F0074E407 /* Release */ = {
			isa = XCBuildConfiguration;
			buildSettings = {
				ALWAYS_SEARCH_USER_PATHS = NO;
				ASSETCATALOG_COMPILER_GENERATE_SWIFT_ASSET_SYMBOL_EXTENSIONS = YES;
				CLANG_ANALYZER_NONNULL = YES;
				CLANG_ANALYZER_NUMBER_OBJECT_CONVERSION = YES_AGGRESSIVE;
				CLANG_CXX_LANGUAGE_STANDARD = "gnu++20";
				CLANG_ENABLE_MODULES = YES;
				CLANG_ENABLE_OBJC_ARC = YES;
				CLANG_ENABLE_OBJC_WEAK = YES;
				CLANG_WARN_BLOCK_CAPTURE_AUTORELEASING = YES;
				CLANG_WARN_BOOL_CONVERSION = YES;
				CLANG_WARN_COMMA = YES;
				CLANG_WARN_CONSTANT_CONVERSION = YES;
				CLANG_WARN_DEPRECATED_OBJC_IMPLEMENTATIONS = YES;
				CLANG_WARN_DIRECT_OBJC_ISA_USAGE = YES_ERROR;
				CLANG_WARN_DOCUMENTATION_COMMENTS = YES;
				CLANG_WARN_EMPTY_BODY = YES;
				CLANG_WARN_ENUM_CONVERSION = YES;
				CLANG_WARN_INFINITE_RECURSION = YES;
				CLANG_WARN_INT_CONVERSION = YES;
				CLANG_WARN_NON_LITERAL_NULL_CONVERSION = YES;
				CLANG_WARN_OBJC_IMPLICIT_RETAIN_SELF = YES;
				CLANG_WARN_OBJC_LITERAL_CONVERSION = YES;
				CLANG_WARN_OBJC_ROOT_CLASS = YES_ERROR;
				CLANG_WARN_QUOTED_INCLUDE_IN_FRAMEWORK_HEADER = YES;
				CLANG_WARN_RANGE_LOOP_ANALYSIS = YES;
				CLANG_WARN_STRICT_PROTOTYPES = YES;
				CLANG_WARN_SUSPICIOUS_MOVE = YES;
				CLANG_WARN_UNGUARDED_AVAILABILITY = YES_AGGRESSIVE;
				CLANG_WARN_UNREACHABLE_CODE = YES;
				CLANG_WARN__DUPLICATE_METHOD_MATCH = YES;
				COPY_PHASE_STRIP = NO;
				DEBUG_INFORMATION_FORMAT = "dwarf-with-dsym";
				ENABLE_NS_ASSERTIONS = NO;
				ENABLE_STRICT_OBJC_MSGSEND = YES;
				ENABLE_USER_SCRIPT_SANDBOXING = YES;
				GCC_C_LANGUAGE_STANDARD = gnu17;
				GCC_NO_COMMON_BLOCKS = YES;
				GCC_WARN_64_TO_32_BIT_CONVERSION = YES;
				GCC_WARN_ABOUT_RETURN_TYPE = YES_ERROR;
				GCC_WARN_UNDECLARED_SELECTOR = YES;
				GCC_WARN_UNINITIALIZED_AUTOS = YES_AGGRESSIVE;
				GCC_WARN_UNUSED_FUNCTION = YES;
				GCC_WARN_UNUSED_VARIABLE = YES;
				IPHONEOS_DEPLOYMENT_TARGET = 17.2;
				LOCALIZATION_PREFERS_STRING_CATALOGS = YES;
				MTL_ENABLE_DEBUG_INFO = NO;
				MTL_FAST_MATH = YES;
				SDKROOT = iphoneos;
				SWIFT_COMPILATION_MODE = wholemodule;
				VALIDATE_PRODUCT = YES;
			};
			name = Release;
		};
		C04E8A8B2CF6483F0074E407 /* Debug */ = {
			isa = XCBuildConfiguration;
			buildSettings = {
				ASSETCATALOG_COMPILER_APPICON_NAME = AppIcon;
				ASSETCATALOG_COMPILER_GLOBAL_ACCENT_COLOR_NAME = AccentColor;
				CODE_SIGN_STYLE = Automatic;
				CURRENT_PROJECT_VERSION = 1;
				DEVELOPMENT_ASSET_PATHS = "\"DejavuDemo/Preview Content\"";
				DEVELOPMENT_TEAM = P8HGHS7JQ8;
				ENABLE_PREVIEWS = YES;
				GENERATE_INFOPLIST_FILE = YES;
				INFOPLIST_FILE = DejavuDemo/Info.plist;
				INFOPLIST_KEY_UIApplicationSceneManifest_Generation = YES;
				INFOPLIST_KEY_UIApplicationSupportsIndirectInputEvents = YES;
				INFOPLIST_KEY_UILaunchScreen_Generation = YES;
				INFOPLIST_KEY_UISupportedInterfaceOrientations_iPad = "UIInterfaceOrientationPortrait UIInterfaceOrientationPortraitUpsideDown UIInterfaceOrientationLandscapeLeft UIInterfaceOrientationLandscapeRight";
				INFOPLIST_KEY_UISupportedInterfaceOrientations_iPhone = "UIInterfaceOrientationPortrait UIInterfaceOrientationLandscapeLeft UIInterfaceOrientationLandscapeRight";
				LD_RUNPATH_SEARCH_PATHS = (
					"$(inherited)",
					"@executable_path/Frameworks",
				);
				MARKETING_VERSION = 1.0;
				PRODUCT_BUNDLE_IDENTIFIER = "hkunchala-flutter.DejavuDemo";
				PRODUCT_NAME = "$(TARGET_NAME)";
				SWIFT_EMIT_LOC_STRINGS = YES;
				SWIFT_VERSION = 5.0;
				TARGETED_DEVICE_FAMILY = "1,2";
			};
			name = Debug;
		};
		C04E8A8C2CF6483F0074E407 /* Release */ = {
			isa = XCBuildConfiguration;
			buildSettings = {
				ASSETCATALOG_COMPILER_APPICON_NAME = AppIcon;
				ASSETCATALOG_COMPILER_GLOBAL_ACCENT_COLOR_NAME = AccentColor;
				CODE_SIGN_STYLE = Automatic;
				CURRENT_PROJECT_VERSION = 1;
				DEVELOPMENT_ASSET_PATHS = "\"DejavuDemo/Preview Content\"";
				DEVELOPMENT_TEAM = P8HGHS7JQ8;
				ENABLE_PREVIEWS = YES;
				GENERATE_INFOPLIST_FILE = YES;
				INFOPLIST_FILE = DejavuDemo/Info.plist;
				INFOPLIST_KEY_UIApplicationSceneManifest_Generation = YES;
				INFOPLIST_KEY_UIApplicationSupportsIndirectInputEvents = YES;
				INFOPLIST_KEY_UILaunchScreen_Generation = YES;
				INFOPLIST_KEY_UISupportedInterfaceOrientations_iPad = "UIInterfaceOrientationPortrait UIInterfaceOrientationPortraitUpsideDown UIInterfaceOrientationLandscapeLeft UIInterfaceOrientationLandscapeRight";
				INFOPLIST_KEY_UISupportedInterfaceOrientations_iPhone = "UIInterfaceOrientationPortrait UIInterfaceOrientationLandscapeLeft UIInterfaceOrientationLandscapeRight";
				LD_RUNPATH_SEARCH_PATHS = (
					"$(inherited)",
					"@executable_path/Frameworks",
				);
				MARKETING_VERSION = 1.0;
				PRODUCT_BUNDLE_IDENTIFIER = "hkunchala-flutter.DejavuDemo";
				PRODUCT_NAME = "$(TARGET_NAME)";
				SWIFT_EMIT_LOC_STRINGS = YES;
				SWIFT_VERSION = 5.0;
				TARGETED_DEVICE_FAMILY = "1,2";
			};
			name = Release;
		};
		C04E8A8E2CF6483F0074E407 /* Debug */ = {
			isa = XCBuildConfiguration;
			buildSettings = {
				ALWAYS_EMBED_SWIFT_STANDARD_LIBRARIES = YES;
				BUNDLE_LOADER = "$(TEST_HOST)";
				CODE_SIGN_STYLE = Automatic;
				CURRENT_PROJECT_VERSION = 1;
				DEVELOPMENT_TEAM = P8HGHS7JQ8;
				GENERATE_INFOPLIST_FILE = YES;
				IPHONEOS_DEPLOYMENT_TARGET = 17.2;
				MARKETING_VERSION = 1.0;
				PRODUCT_BUNDLE_IDENTIFIER = "hkunchala-flutter.DejavuDemoTests";
				PRODUCT_NAME = "$(TARGET_NAME)";
				SWIFT_EMIT_LOC_STRINGS = NO;
				SWIFT_VERSION = 5.0;
				TARGETED_DEVICE_FAMILY = "1,2";
				TEST_HOST = "$(BUILT_PRODUCTS_DIR)/DejavuDemo.app/$(BUNDLE_EXECUTABLE_FOLDER_PATH)/DejavuDemo";
			};
			name = Debug;
		};
		C04E8A8F2CF6483F0074E407 /* Release */ = {
			isa = XCBuildConfiguration;
			buildSettings = {
				ALWAYS_EMBED_SWIFT_STANDARD_LIBRARIES = YES;
				BUNDLE_LOADER = "$(TEST_HOST)";
				CODE_SIGN_STYLE = Automatic;
				CURRENT_PROJECT_VERSION = 1;
				DEVELOPMENT_TEAM = P8HGHS7JQ8;
				GENERATE_INFOPLIST_FILE = YES;
				IPHONEOS_DEPLOYMENT_TARGET = 17.2;
				MARKETING_VERSION = 1.0;
				PRODUCT_BUNDLE_IDENTIFIER = "hkunchala-flutter.DejavuDemoTests";
				PRODUCT_NAME = "$(TARGET_NAME)";
				SWIFT_EMIT_LOC_STRINGS = NO;
				SWIFT_VERSION = 5.0;
				TARGETED_DEVICE_FAMILY = "1,2";
				TEST_HOST = "$(BUILT_PRODUCTS_DIR)/DejavuDemo.app/$(BUNDLE_EXECUTABLE_FOLDER_PATH)/DejavuDemo";
			};
			name = Release;
		};
		C04E8A912CF6483F0074E407 /* Debug */ = {
			isa = XCBuildConfiguration;
			buildSettings = {
				ALWAYS_EMBED_SWIFT_STANDARD_LIBRARIES = YES;
				CODE_SIGN_STYLE = Automatic;
				CURRENT_PROJECT_VERSION = 1;
				DEVELOPMENT_TEAM = P8HGHS7JQ8;
				GENERATE_INFOPLIST_FILE = YES;
				MARKETING_VERSION = 1.0;
				PRODUCT_BUNDLE_IDENTIFIER = "hkunchala-flutter.DejavuDemoUITests";
				PRODUCT_NAME = "$(TARGET_NAME)";
				SWIFT_EMIT_LOC_STRINGS = NO;
				SWIFT_VERSION = 5.0;
				TARGETED_DEVICE_FAMILY = "1,2";
				TEST_TARGET_NAME = DejavuDemo;
			};
			name = Debug;
		};
		C04E8A922CF6483F0074E407 /* Release */ = {
			isa = XCBuildConfiguration;
			buildSettings = {
				ALWAYS_EMBED_SWIFT_STANDARD_LIBRARIES = YES;
				CODE_SIGN_STYLE = Automatic;
				CURRENT_PROJECT_VERSION = 1;
				DEVELOPMENT_TEAM = P8HGHS7JQ8;
				GENERATE_INFOPLIST_FILE = YES;
				MARKETING_VERSION = 1.0;
				PRODUCT_BUNDLE_IDENTIFIER = "hkunchala-flutter.DejavuDemoUITests";
				PRODUCT_NAME = "$(TARGET_NAME)";
				SWIFT_EMIT_LOC_STRINGS = NO;
				SWIFT_VERSION = 5.0;
				TARGETED_DEVICE_FAMILY = "1,2";
				TEST_TARGET_NAME = DejavuDemo;
			};
			name = Release;
		};
/* End XCBuildConfiguration section */

/* Begin XCConfigurationList section */
		C04E8A612CF6483E0074E407 /* Build configuration list for PBXProject "DejavuDemo" */ = {
			isa = XCConfigurationList;
			buildConfigurations = (
				C04E8A882CF6483F0074E407 /* Debug */,
				C04E8A892CF6483F0074E407 /* Release */,
			);
			defaultConfigurationIsVisible = 0;
			defaultConfigurationName = Release;
		};
		C04E8A8A2CF6483F0074E407 /* Build configuration list for PBXNativeTarget "DejavuDemo" */ = {
			isa = XCConfigurationList;
			buildConfigurations = (
				C04E8A8B2CF6483F0074E407 /* Debug */,
				C04E8A8C2CF6483F0074E407 /* Release */,
			);
			defaultConfigurationIsVisible = 0;
			defaultConfigurationName = Release;
		};
		C04E8A8D2CF6483F0074E407 /* Build configuration list for PBXNativeTarget "DejavuDemoTests" */ = {
			isa = XCConfigurationList;
			buildConfigurations = (
				C04E8A8E2CF6483F0074E407 /* Debug */,
				C04E8A8F2CF6483F0074E407 /* Release */,
			);
			defaultConfigurationIsVisible = 0;
			defaultConfigurationName = Release;
		};
		C04E8A902CF6483F0074E407 /* Build configuration list for PBXNativeTarget "DejavuDemoUITests" */ = {
			isa = XCConfigurationList;
			buildConfigurations = (
				C04E8A912CF6483F0074E407 /* Debug */,
				C04E8A922CF6483F0074E407 /* Release */,
			);
			defaultConfigurationIsVisible = 0;
			defaultConfigurationName = Release;
		};
/* End XCConfigurationList section */

/* Begin XCRemoteSwiftPackageReference section */
		C04E8A932CF648760074E407 /* XCRemoteSwiftPackageReference "dejavu" */ = {
			isa = XCRemoteSwiftPackageReference;
			repositoryURL = "https://github.com/Esri/dejavu";
			requirement = {
				kind = upToNextMajorVersion;
				minimumVersion = 1.1.0;
			};
		};
/* End XCRemoteSwiftPackageReference section */

/* Begin XCSwiftPackageProductDependency section */
		C04E8A942CF648760074E407 /* Dejavu */ = {
			isa = XCSwiftPackageProductDependency;
			package = C04E8A932CF648760074E407 /* XCRemoteSwiftPackageReference "dejavu" */;
			productName = Dejavu;
		};
/* End XCSwiftPackageProductDependency section */
	};
	rootObject = C04E8A5E2CF6483E0074E407 /* Project object */;
}
